
Microsoft Visual Studio Solution File, Format Version 12.00
# Visual Studio Version 17
VisualStudioVersion = 17.13.35806.99 d17.13
MinimumVisualStudioVersion = 10.0.40219.1
Project("{FAE04EC0-301F-11D3-BF4B-00C04F79EFBC}") = "Meu_primeiro_programa", "Meu_primeiro_programa\Meu_primeiro_programa.csproj", "{C48A2A98-9A5D-4E7F-A5BF-04E59B625475}"
EndProject
Global
	GlobalSection(SolutionConfigurationPlatforms) = preSolution
		Debug|Any CPU = Debug|Any CPU
		Release|Any CPU = Release|Any CPU
	EndGlobalSection
	GlobalSection(ProjectConfigurationPlatforms) = postSolution
		{C48A2A98-9A5D-4E7F-A5BF-04E59B625475}.Debug|Any CPU.ActiveCfg = Debug|Any CPU
		{C48A2A98-9A5D-4E7F-A5BF-04E59B625475}.Debug|Any CPU.Build.0 = Debug|Any CPU
		{C48A2A98-9A5D-4E7F-A5BF-04E59B625475}.Release|Any CPU.ActiveCfg = Release|Any CPU
		{C48A2A98-9A5D-4E7F-A5BF-04E59B625475}.Release|Any CPU.Build.0 = Release|Any CPU
	EndGlobalSection
	GlobalSection(SolutionProperties) = preSolution
		HideSolutionNode = FALSE
	EndGlobalSection
	GlobalSection(ExtensibilityGlobals) = postSolution
		SolutionGuid = {9806F2EF-FB8C-4948-A551-EED90EBA86FD}
	EndGlobalSection
EndGlobal
